
Microsoft Visual Studio Solution File, Format Version 12.00
# Visual Studio Version 16
VisualStudioVersion = 16.0.30503.244
MinimumVisualStudioVersion = 10.0.40219.1
Project("{9A19103F-16F7-4668-BE54-9A1E7A4F7556}") = "NovaCoop.Fee.API", "NovaCoop.Fee.API\NovaCoop.Fee.API.csproj", "{0E6D9AA1-E48D-462B-B829-CC3367DF5801}"
EndProject
Project("{FAE04EC0-301F-11D3-BF4B-00C04F79EFBC}") = "NovaCoop.ComputeInterest.API", "NovaCoop.ComputeInterest.API\NovaCoop.ComputeInterest.API.csproj", "{3C83DA24-0CD6-43AE-9A02-395F476F9F17}"
EndProject
Global
	GlobalSection(SolutionConfigurationPlatforms) = preSolution
		Debug|Any CPU = Debug|Any CPU
		Release|Any CPU = Release|Any CPU
	EndGlobalSection
	GlobalSection(ProjectConfigurationPlatforms) = postSolution
		{0E6D9AA1-E48D-462B-B829-CC3367DF5801}.Debug|Any CPU.ActiveCfg = Debug|Any CPU
		{0E6D9AA1-E48D-462B-B829-CC3367DF5801}.Debug|Any CPU.Build.0 = Debug|Any CPU
		{0E6D9AA1-E48D-462B-B829-CC3367DF5801}.Release|Any CPU.ActiveCfg = Release|Any CPU
		{0E6D9AA1-E48D-462B-B829-CC3367DF5801}.Release|Any CPU.Build.0 = Release|Any CPU
		{3C83DA24-0CD6-43AE-9A02-395F476F9F17}.Debug|Any CPU.ActiveCfg = Debug|Any CPU
		{3C83DA24-0CD6-43AE-9A02-395F476F9F17}.Debug|Any CPU.Build.0 = Debug|Any CPU
		{3C83DA24-0CD6-43AE-9A02-395F476F9F17}.Release|Any CPU.ActiveCfg = Release|Any CPU
		{3C83DA24-0CD6-43AE-9A02-395F476F9F17}.Release|Any CPU.Build.0 = Release|Any CPU
	EndGlobalSection
	GlobalSection(SolutionProperties) = preSolution
		HideSolutionNode = FALSE
	EndGlobalSection
	GlobalSection(ExtensibilityGlobals) = postSolution
		SolutionGuid = {5EE8CCED-1593-4EB7-B36F-23A983685CF4}
	EndGlobalSection
EndGlobal
